{
  "name": "contextdevkit",
  "version": "4.0.5",
  "lockfileVersion": 3,
  "requires": true,
  "packages": {
    "": {
      "name": "contextdevkit",
      "version": "4.0.5",
      "license": "MIT",
      "bin": {
        "agy": "templates/ctx.mjs",
        "cdx": "templates/cdx.mjs",
        "contextdevkit": "install.mjs"
      },
      "devDependencies": {
        "zod": "^4.4.3"
      },
      "engines": {
        "node": ">=18"
      },
      "optionalDependencies": {
        "tree-sitter-wasms": "0.1.12",
        "web-tree-sitter": "0.25.10"
      }
    },
    "node_modules/tree-sitter-wasms": {
      "version": "0.1.12",
      "resolved": "https://registry.npmjs.org/tree-sitter-wasms/-/tree-sitter-wasms-0.1.12.tgz",
      "integrity": "sha512-N9Jp+dkB23Ul5Gw0utm+3pvG4km4Fxsi2jmtMFg7ivzwqWPlSyrYQIrOmcX+79taVfcHEA+NzP0hl7vXL8DNUQ==",
      "license": "Unlicense",
      "optional": true,
      "dependencies": {
        "tree-sitter-wasms": "^0.1.11"
      }
    },
    "node_modules/web-tree-sitter": {
      "version": "0.25.10",
      "resolved": "https://registry.npmjs.org/web-tree-sitter/-/web-tree-sitter-0.25.10.tgz",
      "integrity": "sha512-Y09sF44/13XvgVKgO2cNDw5rGk6s26MgoZPXLESvMXeefBf7i6/73eFurre0IsTW6E14Y0ArIzhUMmjoc7xyzA==",
      "license": "MIT",
      "optional": true,
      "peerDependencies": {
        "@types/emscripten": "^1.40.0"
      },
      "peerDependenciesMeta": {
        "@types/emscripten": {
          "optional": true
        }
      }
    },
    "node_modules/zod": {
      "version": "4.4.3",
      "resolved": "https://registry.npmjs.org/zod/-/zod-4.4.3.tgz",
      "integrity": "sha512-ytENFjIJFl2UwYglde2jchW2Hwm4GJFLDiSXWdTrJQBIN9Fcyp7n4DhxJEiWNAJMV1/BqWfW/kkg71UDcHJyTQ==",
      "dev": true,
      "license": "MIT",
      "funding": {
        "url": "https://github.com/sponsors/colinhacks"
      }
    }
  }
}
